
Microsoft Visual Studio Solution File, Format Version 12.00
# Visual Studio Version 17
VisualStudioVersion = 17.4.33213.308
MinimumVisualStudioVersion = 10.0.40219.1
Project("{FAE04EC0-301F-11D3-BF4B-00C04F79EFBC}") = "Apiunidades", "Apiunidades\Apiunidades.csproj", "{00714778-3A65-4F56-9629-E48A48680685}"
EndProject
Global
	GlobalSection(SolutionConfigurationPlatforms) = preSolution
		Debug|Any CPU = Debug|Any CPU
		Release|Any CPU = Release|Any CPU
	EndGlobalSection
	GlobalSection(ProjectConfigurationPlatforms) = postSolution
		{00714778-3A65-4F56-9629-E48A48680685}.Debug|Any CPU.ActiveCfg = Debug|Any CPU
		{00714778-3A65-4F56-9629-E48A48680685}.Debug|Any CPU.Build.0 = Debug|Any CPU
		{00714778-3A65-4F56-9629-E48A48680685}.Release|Any CPU.ActiveCfg = Release|Any CPU
		{00714778-3A65-4F56-9629-E48A48680685}.Release|Any CPU.Build.0 = Release|Any CPU
	EndGlobalSection
	GlobalSection(SolutionProperties) = preSolution
		HideSolutionNode = FALSE
	EndGlobalSection
	GlobalSection(ExtensibilityGlobals) = postSolution
		SolutionGuid = {4F5DC64F-C9EC-4312-AB0C-93AE3F51DC16}
	EndGlobalSection
EndGlobal
